
Microsoft Visual Studio Solution File, Format Version 12.00
# Visual Studio Version 16
VisualStudioVersion = 16.0.31019.35
MinimumVisualStudioVersion = 10.0.40219.1
Project("{9A19103F-16F7-4668-BE54-9A1E7A4F7556}") = "ProvidenceBot", "ProvidenceBot.csproj", "{94207D9E-BD14-479E-AA62-678A23810DF4}"
EndProject
Project("{9A19103F-16F7-4668-BE54-9A1E7A4F7556}") = "ProvidenceBotDAL", "..\ProvidenceBotDAL\ProvidenceBotDAL.csproj", "{4C765817-650A-4561-9591-E4EF1A3B935D}"
EndProject
Project("{9A19103F-16F7-4668-BE54-9A1E7A4F7556}") = "ProvidenceBotDAL.Migrations", "..\ProvidenceBotDAL.Migrations\ProvidenceBotDAL.Migrations.csproj", "{51448BF6-5D57-4C27-8E02-CCD9CFB4AB93}"
EndProject
Project("{FAE04EC0-301F-11D3-BF4B-00C04F79EFBC}") = "ProvidenceBotCore", "..\ProvidenceBotCore\ProvidenceBotCore.csproj", "{6156700A-FD8B-46D4-BED9-009144A3DF71}"
EndProject
Global
	GlobalSection(SolutionConfigurationPlatforms) = preSolution
		Debug|Any CPU = Debug|Any CPU
		Release|Any CPU = Release|Any CPU
	EndGlobalSection
	GlobalSection(ProjectConfigurationPlatforms) = postSolution
		{94207D9E-BD14-479E-AA62-678A23810DF4}.Debug|Any CPU.ActiveCfg = Debug|Any CPU
		{94207D9E-BD14-479E-AA62-678A23810DF4}.Debug|Any CPU.Build.0 = Debug|Any CPU
		{94207D9E-BD14-479E-AA62-678A23810DF4}.Release|Any CPU.ActiveCfg = Release|Any CPU
		{94207D9E-BD14-479E-AA62-678A23810DF4}.Release|Any CPU.Build.0 = Release|Any CPU
		{4C765817-650A-4561-9591-E4EF1A3B935D}.Debug|Any CPU.ActiveCfg = Debug|Any CPU
		{4C765817-650A-4561-9591-E4EF1A3B935D}.Debug|Any CPU.Build.0 = Debug|Any CPU
		{4C765817-650A-4561-9591-E4EF1A3B935D}.Release|Any CPU.ActiveCfg = Release|Any CPU
		{4C765817-650A-4561-9591-E4EF1A3B935D}.Release|Any CPU.Build.0 = Release|Any CPU
		{51448BF6-5D57-4C27-8E02-CCD9CFB4AB93}.Debug|Any CPU.ActiveCfg = Debug|Any CPU
		{51448BF6-5D57-4C27-8E02-CCD9CFB4AB93}.Debug|Any CPU.Build.0 = Debug|Any CPU
		{51448BF6-5D57-4C27-8E02-CCD9CFB4AB93}.Release|Any CPU.ActiveCfg = Release|Any CPU
		{51448BF6-5D57-4C27-8E02-CCD9CFB4AB93}.Release|Any CPU.Build.0 = Release|Any CPU
		{6156700A-FD8B-46D4-BED9-009144A3DF71}.Debug|Any CPU.ActiveCfg = Debug|Any CPU
		{6156700A-FD8B-46D4-BED9-009144A3DF71}.Debug|Any CPU.Build.0 = Debug|Any CPU
		{6156700A-FD8B-46D4-BED9-009144A3DF71}.Release|Any CPU.ActiveCfg = Release|Any CPU
		{6156700A-FD8B-46D4-BED9-009144A3DF71}.Release|Any CPU.Build.0 = Release|Any CPU
	EndGlobalSection
	GlobalSection(SolutionProperties) = preSolution
		HideSolutionNode = FALSE
	EndGlobalSection
	GlobalSection(ExtensibilityGlobals) = postSolution
		SolutionGuid = {7FB1B10C-8EE9-40CB-8CEB-567F43DDA6E3}
	EndGlobalSection
EndGlobal
